
Microsoft Visual Studio Solution File, Format Version 12.00
# Visual Studio 15
VisualStudioVersion = 15.0.27130.2027
MinimumVisualStudioVersion = 10.0.40219.1
Project("{FAE04EC0-301F-11D3-BF4B-00C04F79EFBC}") = "Web_Bot_Update", "Web_Bot_Update\Web_Bot_Update.csproj", "{CB6CAFA3-C6CB-4B52-96F6-64334F2864C0}"
EndProject
Global
	GlobalSection(SolutionConfigurationPlatforms) = preSolution
		Debug|Any CPU = Debug|Any CPU
		Release|Any CPU = Release|Any CPU
	EndGlobalSection
	GlobalSection(ProjectConfigurationPlatforms) = postSolution
		{CB6CAFA3-C6CB-4B52-96F6-64334F2864C0}.Debug|Any CPU.ActiveCfg = Debug|Any CPU
		{CB6CAFA3-C6CB-4B52-96F6-64334F2864C0}.Debug|Any CPU.Build.0 = Debug|Any CPU
		{CB6CAFA3-C6CB-4B52-96F6-64334F2864C0}.Release|Any CPU.ActiveCfg = Release|Any CPU
		{CB6CAFA3-C6CB-4B52-96F6-64334F2864C0}.Release|Any CPU.Build.0 = Release|Any CPU
	EndGlobalSection
	GlobalSection(SolutionProperties) = preSolution
		HideSolutionNode = FALSE
	EndGlobalSection
	GlobalSection(ExtensibilityGlobals) = postSolution
		SolutionGuid = {B66AB2B7-0BCF-4AF8-A0DD-25D82C218993}
	EndGlobalSection
EndGlobal
